<?xml version="1.0" encoding="utf-8"?>
<Project ToolsVersion="4.0" xmlns="http://schemas.microsoft.com/developer/msbuild/2003">
  <ItemGroup>
    <Filter Include="Source Files">
      <UniqueIdentifier>{4FC737F1-C7A5-4376-A066-2A32D752A2FF}</UniqueIdentifier>
      <Extensions>cpp;c;cc;cxx;def;odl;idl;hpj;bat;asm;asmx</Extensions>
    </Filter>
    <Filter Include="Header Files">
      <UniqueIdentifier>{93995380-89BD-4b04-88EB-625FBE52EBFB}</UniqueIdentifier>
      <Extensions>h;hh;hpp;hxx;hm;inl;inc;ipp;xsd</Extensions>
    </Filter>
    <Filter Include="Resource Files">
      <UniqueIdentifier>{67DA6AB6-F800-4c08-8B7A-83BB121AAD01}</UniqueIdentifier>
      <Extensions>rc;ico;cur;bmp;dlg;rc2;rct;bin;rgs;gif;jpg;jpeg;jpe;resx;tiff;tif;png;wav;mfcribbon-ms</Extensions>
    </Filter>
  </ItemGroup>
  <ItemGroup>
    <ClInclude Include="kraD3D11GraphicsBuffer.h">
      <Filter>Header Files</Filter>
    </ClInclude>
    <ClInclude Include="kraD3D11VertexBuffer.h">
      <Filter>Header Files</Filter>
    </ClInclude>
    <ClInclude Include="kraD3D11IndexBuffer.h">
      <Filter>Header Files</Filter>
    </ClInclude>
    <ClInclude Include="kraD3D11ConstantBuffer.h">
      <Filter>Header Files</Filter>
    </ClInclude>
    <ClInclude Include="kraD3D11Texture.h">
      <Filter>Header Files</Filter>
    </ClInclude>
    <ClInclude Include="kraD3D11Shader.h">
      <Filter>Header Files</Filter>
    </ClInclude>
    <ClInclude Include="kraD3D11RenderTargetView.h">
      <Filter>Header Files</Filter>
    </ClInclude>
    <ClInclude Include="kraD3D11DeviceContext.h">
      <Filter>Header Files</Filter>
    </ClInclude>
    <ClInclude Include="kraD3D11Device.h">
      <Filter>Header Files</Filter>
    </ClInclude>
    <ClInclude Include="kraD3D11InputLayout.h">
      <Filter>Header Files</Filter>
    </ClInclude>
    <ClInclude Include="kraD3D11Viewport.h">
      <Filter>Header Files</Filter>
    </ClInclude>
    <ClInclude Include="kraD3D11SwapChain.h">
      <Filter>Header Files</Filter>
    </ClInclude>
    <ClInclude Include="kraD3D11DepthStencylView.h">
      <Filter>Header Files</Filter>
    </ClInclude>
    <ClInclude Include="kraD3D11ShaderResourceView.h">
      <Filter>Header Files</Filter>
    </ClInclude>
    <ClInclude Include="kraD3D11Sampler.h">
      <Filter>Header Files</Filter>
    </ClInclude>
    <ClInclude Include="kraD3D11RasterizerState.h">
      <Filter>Header Files</Filter>
    </ClInclude>
  </ItemGroup>
  <ItemGroup>
    <ClCompile Include="kraD3D11GraphicsBuffer.cpp">
      <Filter>Source Files</Filter>
    </ClCompile>
    <ClCompile Include="kraD3D11VertexBuffer.cpp">
      <Filter>Source Files</Filter>
    </ClCompile>
    <ClCompile Include="kraD3D11IndexBuffer.cpp">
      <Filter>Source Files</Filter>
    </ClCompile>
    <ClCompile Include="kraD3D11ConstantBuffer.cpp">
      <Filter>Source Files</Filter>
    </ClCompile>
    <ClCompile Include="kraD3D11Texture.cpp">
      <Filter>Source Files</Filter>
    </ClCompile>
    <ClCompile Include="kraD3D11Shader.cpp">
      <Filter>Source Files</Filter>
    </ClCompile>
    <ClCompile Include="kraD3D11RenderTargetView.cpp">
      <Filter>Source Files</Filter>
    </ClCompile>
    <ClCompile Include="kraD3D11DeviceContext.cpp">
      <Filter>Source Files</Filter>
    </ClCompile>
    <ClCompile Include="kraD3D11Device.cpp">
      <Filter>Source Files</Filter>
    </ClCompile>
    <ClCompile Include="kraD3D11InputLayout.cpp">
      <Filter>Source Files</Filter>
    </ClCompile>
    <ClCompile Include="kraD3D11Viewport.cpp">
      <Filter>Source Files</Filter>
    </ClCompile>
    <ClCompile Include="kraD3D11SwapChain.cpp">
      <Filter>Source Files</Filter>
    </ClCompile>
    <ClCompile Include="kraD3D11DepthStencylView.cpp">
      <Filter>Source Files</Filter>
    </ClCompile>
    <ClCompile Include="kraD3D11ShaderResourceView.cpp">
      <Filter>Source Files</Filter>
    </ClCompile>
    <ClCompile Include="kraD3D11Sampler.cpp">
      <Filter>Source Files</Filter>
    </ClCompile>
    <ClCompile Include="kraD3D11RasterizerState.cpp">
      <Filter>Source Files</Filter>
    </ClCompile>
  </ItemGroup>
</Project>